daml/canton-coin-api/.daml/dist/canton-coin-api-0.1.0.dar de0fa6d101fe718dc8b450234a657d119334cf2504a4bbe4065fc59465b24287
daml/canton-coin/.daml/dist/canton-coin-0.1.0.dar e56a8511a929322165ffa4a6135f3c6050984bf60b8a5e9b89eed8d2a3b15e4f
daml/cn-util/.daml/dist/cn-util-0.1.0.dar e4bb117eeb7a1753bc9e44fb33ad7f94282851dee457fc0c93db7d8b47c32ac9
daml/directory-service/.daml/dist/directory-service-0.1.0.dar e76f8039cb22e84f58e925d41a3825d8fd8b9e47a83c388926e30aecd6a06c85
daml/splitwell/.daml/dist/splitwell-0.1.0.dar 0baf32d046b6bb7f409bf757f973948cc74f5fb3686c9144bd884a83678c4177
daml/svc-governance/.daml/dist/svc-governance-0.1.0.dar 9454311017558b78d9977e8c6c2964027ced4c94dc29d5afc8b9d3ca71dab61a
daml/upgrade-tests/cc-upgrade-test/.daml/dist/canton-coin-0.1.1.dar 1d14b32a4f13a6b6e4c0ed268bc82a98f2eb1d7639c436cf12e43110e1115201
daml/upgrade-tests/coin-upgrade-test/.daml/dist/canton-coin-0.1.2.dar 5a78e9955b93cfa88ffb7838a7c1a10b995474bb44c851c572987e6de2991672
daml/upgrade-tests/svc-governance-upgrade-test/.daml/dist/svc-governance-0.1.1.dar fad94cb7d5f0df78ed09ace490250b7fde055ba4ca2e5d52978882f2c460b0ff
daml/upgrade-tests/wallet-upgrade-test/.daml/dist/wallet-0.1.1.dar 63b85f28df9c3b903a8791d928c4e9db4e01268ace9f11d5984e1023bcd7f471
daml/validator-lifecycle/.daml/dist/validator-lifecycle-0.1.0.dar 5eeea8c7477b37b3bc11debc38e3ffd308ea9282d02ca0f04c7c7cdc8252cf68
daml/wallet-payments/.daml/dist/wallet-payments-0.1.0.dar 04a1b6f94c73c02d2102d4155a24625c521cb7fe48383d8f8f28685021fe2311
daml/wallet/.daml/dist/wallet-0.1.0.dar 3c6f7fd86aa60a88753001353cbd300f7f0ad3695914c9bf6c9de70a0a16a573
