daml/app-manager/.daml/dist/app-manager-0.1.0.dar f89fb204c52eb221c9c2b1a5265e910f4cbf02b829061ecaf25fd0efa5ee19c3
daml/canton-coin-test-upgrade/.daml/dist/canton-coin-test-0.2.0.dar d8228911c4f7cb7b9b3edf6b4e7c7b5cc423e44c8c877f58fa3fc3519bc54173
daml/canton-coin-test/.daml/dist/canton-coin-test-0.1.0.dar ad4faf4851d201dec98e6c0e5d3ea4e4bb0908cfb5824be9082adc55d584d0e5
daml/canton-coin-upgrade/.daml/dist/canton-coin-0.2.0.dar 62f5d800eda2f69e102253dea7e28a9133e9bba40b968758daf0958cb6381bdf
daml/canton-coin/.daml/dist/canton-coin-0.1.0.dar 46b7c10ed5adcb590a76051c3ba62b3dbfc4857039d5ecf7f861412644822cf8
daml/canton-name-service-test-upgrade/.daml/dist/canton-name-service-test-0.2.0.dar 5fa84acc33379c4db5ce9157150e3a1dfe8ed934805d32936c7cea151bf8faa2
daml/canton-name-service-test/.daml/dist/canton-name-service-test-0.1.0.dar 62593e3a5c9352d0753a8abc6fb68118c15ce70aec89bcc0e10d12fba7ddb65d
daml/canton-name-service-upgrade/.daml/dist/canton-name-service-0.2.0.dar d958cde2352efa4cc1f5bf74e87b4605c559dfb9a63cf0197ae8f21b89accfbf
daml/canton-name-service/.daml/dist/canton-name-service-0.1.0.dar 813d376b2512e2c4220100cf34a32bbd223049a320d34ea3ecb4978a35578665
daml/cn-util/.daml/dist/cn-util-0.1.0.dar 903239db494d4ae231121bbcda7bfa9c98db41c75751d763f6849047575144e7
daml/splitwell-test-upgrade/.daml/dist/splitwell-test-0.2.0.dar 831d3792bf6450b07eff26e3d66b6f712d4ff8b2cf173d6f94a2ddd436bec6af
daml/splitwell-test/.daml/dist/splitwell-test-0.1.0.dar e79d4d432700253b5f5a581ec3b31b8ad6d2005c0d38d169d24e8042921a5de8
daml/splitwell-upgrade/.daml/dist/splitwell-0.2.0.dar 30827c41e9c716c12f656409c8dcca58d63ea8b36b3c4ed7656b4ac3a04c6dec
daml/splitwell/.daml/dist/splitwell-0.1.0.dar 676db082238ce6709c5df80201bedfbfb05f28d5625e1911da6cde1ac9ebaade
daml/sv-local/.daml/dist/sv-local-0.1.0.dar 2b686b19871de0c81a112b17507a0817106f41fae1d8d84b5f736b00e9c0f65c
daml/svc-governance-test-upgrade/.daml/dist/svc-governance-test-0.2.0.dar c8192a47daa3a10021507056d400db3184f3e0fdcf27ae96f25a364768d902ab
daml/svc-governance-test/.daml/dist/svc-governance-test-0.1.0.dar 13fe24f2b48cfee0b95b8c62161252d5d5316e901ceae6b6c9034fd955441e89
daml/svc-governance-upgrade/.daml/dist/svc-governance-0.2.0.dar 6489522379f8b23caec58b165640550b98fa1c626757e9210f586f8687bea787
daml/svc-governance/.daml/dist/svc-governance-0.1.0.dar 939bee3efa1c705b7357c28d021805318aff25b7ac00d5af47c9a5d8b86c2122
daml/validator-lifecycle-test/.daml/dist/validator-lifecycle-test-0.1.0.dar 9092344ebe98a2812eec3f539223775f26df264de3dff9edfd2ef4f74dfc4cc9
daml/validator-lifecycle/.daml/dist/validator-lifecycle-0.1.0.dar 898b0c60db3ae5aa0a3d7a156d6c623cdaa023d9c760250d62ffc410bf2dee63
daml/wallet-payments-upgrade/.daml/dist/wallet-payments-0.2.0.dar 70aa147ecc0ff3162a6780febadc6c75a3a87067428e27eca3774d093d6cd240
daml/wallet-payments/.daml/dist/wallet-payments-0.1.0.dar d886dc1d85661e9e0739b8208f6a1cbd32ac6e5b3b3d5680d5b575a7f6cc45ad
daml/wallet-test-upgrade/.daml/dist/wallet-test-0.2.0.dar 7eaa4d818b6f39843f6f1fba1922fb160093762a2810ab636319b4143bc64d2d
daml/wallet-test/.daml/dist/wallet-test-0.1.0.dar 3df3aee6339fd8c0cc9310f3e280b85536761ee3f61f20bc7804302dd339c10a
daml/wallet-upgrade/.daml/dist/wallet-0.2.0.dar 6f20bd76d58ce784b978731005d6d552de1f9781c6689acbe737ea0d85eacc7b
daml/wallet/.daml/dist/wallet-0.1.0.dar 3e8ca118d1114ce05eb264dfca796c13b77fd0c195b907b460488f078cb6c7fb
