daml/app-manager/.daml/dist/app-manager-0.1.0.dar ae8a5a65404610283c84b403ea985e6b62077ff3269ad19e818e5e1651346525
daml/canton-coin-test/.daml/dist/canton-coin-test-0.1.0.dar 02b5befae9dc422199b3819cae098c2825a4eeff711acc4ecc44188b82cd74af
daml/canton-coin/.daml/dist/canton-coin-0.1.0.dar 6d8956f37f456d9b06cf411d08ede5f9bfde61b3e0e1fb50f288645eea201141
daml/canton-name-service-test/.daml/dist/canton-name-service-test-0.1.0.dar 71a07710505b7b42f577e50e62c5d65ffff72020c70d1b13b99e48c731792891
daml/canton-name-service/.daml/dist/canton-name-service-0.1.0.dar 805a5c5f534ecd771418f17f2c62262cc2c3eead818055aa9040c646e1ebed86
daml/cn-util/.daml/dist/cn-util-0.1.0.dar 6fac187f13f72be6f994a73ce0e4b0b4a26d1cb5ddde2f7b40840e794231ac7d
daml/splitwell-test/.daml/dist/splitwell-test-0.1.0.dar 925d100d730e8b3521f19d4f416ea1d8d609f01c4de93de68c31b5d37075b22f
daml/splitwell/.daml/dist/splitwell-0.1.0.dar 9c4b5a7a7d2eaec1f2e447328accf9b3b8a47be5041e5fca63a5c3b534725b05
daml/svc-governance-test/.daml/dist/svc-governance-test-0.1.0.dar 4abf7166ff4245826ba7625d9a6226e6c6598522dfc0b334a2525709aa94d358
daml/svc-governance/.daml/dist/svc-governance-0.1.0.dar 54211bfdb0f3e8cd43f7659905c1b329b1e96d4e4ea7420b22c87e1299702ecc
daml/validator-lifecycle-test/.daml/dist/validator-lifecycle-test-0.1.0.dar 759515680d9c6b1ac78916d1bdaf42b403f0a40bb4ad745c5d0f6daff7044e94
daml/validator-lifecycle/.daml/dist/validator-lifecycle-0.1.0.dar db1cd34c56682bd5f6b45cdd7d889f389218da7bc97161951580fedcaa8bf8ee
daml/wallet-payments/.daml/dist/wallet-payments-0.1.0.dar eacbb4c1339327cabdee621b9bc2ecd30e63db1bdd0b72847157f157e9b4efde
daml/wallet-test/.daml/dist/wallet-test-0.1.0.dar 1585a646a31e21bbf64fccab84753edb3c8d960a89b6c3107868993dbb294b01
daml/wallet/.daml/dist/wallet-0.1.0.dar 89010e29f36859319dba013078ce6420438696e7701d52fc48c6a499593013c5
